
Microsoft Visual Studio Solution File, Format Version 12.00
# Visual Studio 2013
VisualStudioVersion = 12.0.21005.1
MinimumVisualStudioVersion = 10.0.40219.1
Project("{FAE04EC0-301F-11D3-BF4B-00C04F79EFBC}") = "PhotoMaps.Web", "PhotoMaps\PhotoMaps.Web.csproj", "{838704CA-8B9A-4715-B7D2-0E6BCC1A91F0}"
EndProject
Project("{FAE04EC0-301F-11D3-BF4B-00C04F79EFBC}") = "PhotoMaps.Tests", "PhotoMaps.Tests\PhotoMaps.Tests.csproj", "{7045EBD8-9B35-4207-B955-0D29C829E310}"
EndProject
Project("{FAE04EC0-301F-11D3-BF4B-00C04F79EFBC}") = "DDD2Try.Domain", "DDD2Try.Domain\DDD2Try.Domain.csproj", "{255A1F66-40A5-43E9-84DA-FFEBCD39A3C2}"
EndProject
Project("{FAE04EC0-301F-11D3-BF4B-00C04F79EFBC}") = "DDD2Try.EntityFramework", "DDD2Try.EntityFramework\DDD2Try.EntityFramework.csproj", "{3BDD169C-6478-47D7-B734-9376160DEC17}"
EndProject
Project("{FAE04EC0-301F-11D3-BF4B-00C04F79EFBC}") = "Framework.Library", "Common.Library\Framework.Library.csproj", "{1905872B-4525-439D-9408-0631875C1AA2}"
EndProject
Project("{2150E333-8FDC-42A3-9474-1A3956D46DE8}") = "5 Framework", "5 Framework", "{A208678C-1CA0-480B-B7BE-B05C66EE7312}"
EndProject
Project("{2150E333-8FDC-42A3-9474-1A3956D46DE8}") = "03 Domain", "03 Domain", "{5088CFA2-3BA9-4E77-B7B8-3660E8D00FB9}"
EndProject
Project("{2150E333-8FDC-42A3-9474-1A3956D46DE8}") = "6 Test", "6 Test", "{9523B908-B312-42E2-96B7-B5F4443DA024}"
EndProject
Project("{2150E333-8FDC-42A3-9474-1A3956D46DE8}") = "04 Infrastructure", "04 Infrastructure", "{5D88CBF4-EFEF-4C9C-96F3-B4739A89395A}"
EndProject
Project("{2150E333-8FDC-42A3-9474-1A3956D46DE8}") = "01 Presentation", "01 Presentation", "{00240646-CC6B-4A2C-9168-002B26E0698D}"
EndProject
Project("{FAE04EC0-301F-11D3-BF4B-00C04F79EFBC}") = "PhotoMaps.ViewModel", "PhotoMaps.DTO\PhotoMaps.ViewModel.csproj", "{16AD60AF-5CB2-40E0-BC89-A243A9DF112F}"
EndProject
Project("{2150E333-8FDC-42A3-9474-1A3956D46DE8}") = "02 Application", "02 Application", "{D44CE796-DA53-4D92-B288-2BED85107B71}"
EndProject
Project("{FAE04EC0-301F-11D3-BF4B-00C04F79EFBC}") = "Framework.Infrastructure", "Framework.Infrastructure\Framework.Infrastructure.csproj", "{F358A3B9-E626-4C2A-83D2-559CBB63A983}"
EndProject
Project("{FAE04EC0-301F-11D3-BF4B-00C04F79EFBC}") = "DDD2Try.Application", "DDD2Try.Application\DDD2Try.Application.csproj", "{7E02445D-4AA7-4B9B-91BA-7DF493E2EDB4}"
EndProject
Project("{FAE04EC0-301F-11D3-BF4B-00C04F79EFBC}") = "PhotoMaps.UserCenter", "PhotoMaps.UserCenter\PhotoMaps.UserCenter.csproj", "{54AAB6AF-C9D1-4C1A-9A12-4CD8ED59FBEB}"
EndProject
Project("{2150E333-8FDC-42A3-9474-1A3956D46DE8}") = ".nuget", ".nuget", "{8BCEDA0F-BA54-43E9-A4FD-955D82D44BF2}"
	ProjectSection(SolutionItems) = preProject
		.nuget\NuGet.Config = .nuget\NuGet.Config
		.nuget\NuGet.exe = .nuget\NuGet.exe
		.nuget\NuGet.targets = .nuget\NuGet.targets
	EndProjectSection
EndProject
Project("{FAE04EC0-301F-11D3-BF4B-00C04F79EFBC}") = "DDD2Try.Infrastructure", "DDD2Try.Infrastructure\DDD2Try.Infrastructure.csproj", "{9FB3CBC3-BE37-43C2-838C-0B995BD8054D}"
EndProject
Project("{FAE04EC0-301F-11D3-BF4B-00C04F79EFBC}") = "DDD2Try.Repository", "DDD2Try.Repository\DDD2Try.Repository.csproj", "{3096BD7B-DFC3-40CC-B89E-10CA60917C61}"
EndProject
Project("{FAE04EC0-301F-11D3-BF4B-00C04F79EFBC}") = "DDD2Try.Domain.Common", "DDD2Try.Domain.Common\DDD2Try.Domain.Common.csproj", "{BE9C3636-C41C-4DF8-B4F5-D03A74A8E563}"
EndProject
Global
	GlobalSection(SolutionConfigurationPlatforms) = preSolution
		Debug|Any CPU = Debug|Any CPU
		Release|Any CPU = Release|Any CPU
	EndGlobalSection
	GlobalSection(ProjectConfigurationPlatforms) = postSolution
		{838704CA-8B9A-4715-B7D2-0E6BCC1A91F0}.Debug|Any CPU.ActiveCfg = Debug|Any CPU
		{838704CA-8B9A-4715-B7D2-0E6BCC1A91F0}.Debug|Any CPU.Build.0 = Debug|Any CPU
		{838704CA-8B9A-4715-B7D2-0E6BCC1A91F0}.Release|Any CPU.ActiveCfg = Release|Any CPU
		{838704CA-8B9A-4715-B7D2-0E6BCC1A91F0}.Release|Any CPU.Build.0 = Release|Any CPU
		{7045EBD8-9B35-4207-B955-0D29C829E310}.Debug|Any CPU.ActiveCfg = Debug|Any CPU
		{7045EBD8-9B35-4207-B955-0D29C829E310}.Release|Any CPU.ActiveCfg = Release|Any CPU
		{7045EBD8-9B35-4207-B955-0D29C829E310}.Release|Any CPU.Build.0 = Release|Any CPU
		{255A1F66-40A5-43E9-84DA-FFEBCD39A3C2}.Debug|Any CPU.ActiveCfg = Debug|Any CPU
		{255A1F66-40A5-43E9-84DA-FFEBCD39A3C2}.Debug|Any CPU.Build.0 = Debug|Any CPU
		{255A1F66-40A5-43E9-84DA-FFEBCD39A3C2}.Release|Any CPU.ActiveCfg = Release|Any CPU
		{255A1F66-40A5-43E9-84DA-FFEBCD39A3C2}.Release|Any CPU.Build.0 = Release|Any CPU
		{3BDD169C-6478-47D7-B734-9376160DEC17}.Debug|Any CPU.ActiveCfg = Debug|Any CPU
		{3BDD169C-6478-47D7-B734-9376160DEC17}.Debug|Any CPU.Build.0 = Debug|Any CPU
		{3BDD169C-6478-47D7-B734-9376160DEC17}.Release|Any CPU.ActiveCfg = Release|Any CPU
		{3BDD169C-6478-47D7-B734-9376160DEC17}.Release|Any CPU.Build.0 = Release|Any CPU
		{1905872B-4525-439D-9408-0631875C1AA2}.Debug|Any CPU.ActiveCfg = Debug|Any CPU
		{1905872B-4525-439D-9408-0631875C1AA2}.Debug|Any CPU.Build.0 = Debug|Any CPU
		{1905872B-4525-439D-9408-0631875C1AA2}.Release|Any CPU.ActiveCfg = Release|Any CPU
		{1905872B-4525-439D-9408-0631875C1AA2}.Release|Any CPU.Build.0 = Release|Any CPU
		{16AD60AF-5CB2-40E0-BC89-A243A9DF112F}.Debug|Any CPU.ActiveCfg = Debug|Any CPU
		{16AD60AF-5CB2-40E0-BC89-A243A9DF112F}.Debug|Any CPU.Build.0 = Debug|Any CPU
		{16AD60AF-5CB2-40E0-BC89-A243A9DF112F}.Release|Any CPU.ActiveCfg = Release|Any CPU
		{16AD60AF-5CB2-40E0-BC89-A243A9DF112F}.Release|Any CPU.Build.0 = Release|Any CPU
		{F358A3B9-E626-4C2A-83D2-559CBB63A983}.Debug|Any CPU.ActiveCfg = Debug|Any CPU
		{F358A3B9-E626-4C2A-83D2-559CBB63A983}.Debug|Any CPU.Build.0 = Debug|Any CPU
		{F358A3B9-E626-4C2A-83D2-559CBB63A983}.Release|Any CPU.ActiveCfg = Release|Any CPU
		{F358A3B9-E626-4C2A-83D2-559CBB63A983}.Release|Any CPU.Build.0 = Release|Any CPU
		{7E02445D-4AA7-4B9B-91BA-7DF493E2EDB4}.Debug|Any CPU.ActiveCfg = Debug|Any CPU
		{7E02445D-4AA7-4B9B-91BA-7DF493E2EDB4}.Debug|Any CPU.Build.0 = Debug|Any CPU
		{7E02445D-4AA7-4B9B-91BA-7DF493E2EDB4}.Release|Any CPU.ActiveCfg = Release|Any CPU
		{7E02445D-4AA7-4B9B-91BA-7DF493E2EDB4}.Release|Any CPU.Build.0 = Release|Any CPU
		{54AAB6AF-C9D1-4C1A-9A12-4CD8ED59FBEB}.Debug|Any CPU.ActiveCfg = Debug|Any CPU
		{54AAB6AF-C9D1-4C1A-9A12-4CD8ED59FBEB}.Debug|Any CPU.Build.0 = Debug|Any CPU
		{54AAB6AF-C9D1-4C1A-9A12-4CD8ED59FBEB}.Release|Any CPU.ActiveCfg = Release|Any CPU
		{54AAB6AF-C9D1-4C1A-9A12-4CD8ED59FBEB}.Release|Any CPU.Build.0 = Release|Any CPU
		{9FB3CBC3-BE37-43C2-838C-0B995BD8054D}.Debug|Any CPU.ActiveCfg = Debug|Any CPU
		{9FB3CBC3-BE37-43C2-838C-0B995BD8054D}.Debug|Any CPU.Build.0 = Debug|Any CPU
		{9FB3CBC3-BE37-43C2-838C-0B995BD8054D}.Release|Any CPU.ActiveCfg = Release|Any CPU
		{9FB3CBC3-BE37-43C2-838C-0B995BD8054D}.Release|Any CPU.Build.0 = Release|Any CPU
		{3096BD7B-DFC3-40CC-B89E-10CA60917C61}.Debug|Any CPU.ActiveCfg = Debug|Any CPU
		{3096BD7B-DFC3-40CC-B89E-10CA60917C61}.Debug|Any CPU.Build.0 = Debug|Any CPU
		{3096BD7B-DFC3-40CC-B89E-10CA60917C61}.Release|Any CPU.ActiveCfg = Release|Any CPU
		{3096BD7B-DFC3-40CC-B89E-10CA60917C61}.Release|Any CPU.Build.0 = Release|Any CPU
		{BE9C3636-C41C-4DF8-B4F5-D03A74A8E563}.Debug|Any CPU.ActiveCfg = Debug|Any CPU
		{BE9C3636-C41C-4DF8-B4F5-D03A74A8E563}.Debug|Any CPU.Build.0 = Debug|Any CPU
		{BE9C3636-C41C-4DF8-B4F5-D03A74A8E563}.Release|Any CPU.ActiveCfg = Release|Any CPU
		{BE9C3636-C41C-4DF8-B4F5-D03A74A8E563}.Release|Any CPU.Build.0 = Release|Any CPU
	EndGlobalSection
	GlobalSection(SolutionProperties) = preSolution
		HideSolutionNode = FALSE
	EndGlobalSection
	GlobalSection(NestedProjects) = preSolution
		{838704CA-8B9A-4715-B7D2-0E6BCC1A91F0} = {00240646-CC6B-4A2C-9168-002B26E0698D}
		{54AAB6AF-C9D1-4C1A-9A12-4CD8ED59FBEB} = {00240646-CC6B-4A2C-9168-002B26E0698D}
		{7045EBD8-9B35-4207-B955-0D29C829E310} = {9523B908-B312-42E2-96B7-B5F4443DA024}
		{255A1F66-40A5-43E9-84DA-FFEBCD39A3C2} = {5088CFA2-3BA9-4E77-B7B8-3660E8D00FB9}
		{BE9C3636-C41C-4DF8-B4F5-D03A74A8E563} = {5088CFA2-3BA9-4E77-B7B8-3660E8D00FB9}
		{3BDD169C-6478-47D7-B734-9376160DEC17} = {5D88CBF4-EFEF-4C9C-96F3-B4739A89395A}
		{9FB3CBC3-BE37-43C2-838C-0B995BD8054D} = {5D88CBF4-EFEF-4C9C-96F3-B4739A89395A}
		{3096BD7B-DFC3-40CC-B89E-10CA60917C61} = {5D88CBF4-EFEF-4C9C-96F3-B4739A89395A}
		{1905872B-4525-439D-9408-0631875C1AA2} = {A208678C-1CA0-480B-B7BE-B05C66EE7312}
		{F358A3B9-E626-4C2A-83D2-559CBB63A983} = {A208678C-1CA0-480B-B7BE-B05C66EE7312}
		{16AD60AF-5CB2-40E0-BC89-A243A9DF112F} = {D44CE796-DA53-4D92-B288-2BED85107B71}
		{7E02445D-4AA7-4B9B-91BA-7DF493E2EDB4} = {D44CE796-DA53-4D92-B288-2BED85107B71}
	EndGlobalSection
EndGlobal
